
Microsoft Visual Studio Solution File, Format Version 12.00
# Visual Studio Version 16
VisualStudioVersion = 25.0.1703.7
MinimumVisualStudioVersion = 10.0.40219.1
Project("{FAE04EC0-301F-11D3-BF4B-00C04F79EFBC}") = "BasicTestLesson1", "BasicTestLesson1\BasicTestLesson1.csproj", "{161D3A41-AF39-4257-8812-DE82897D2B0D}"
EndProject
Global
	GlobalSection(SolutionConfigurationPlatforms) = preSolution
		Debug|Any CPU = Debug|Any CPU
		Release|Any CPU = Release|Any CPU
	EndGlobalSection
	GlobalSection(ProjectConfigurationPlatforms) = postSolution
		{161D3A41-AF39-4257-8812-DE82897D2B0D}.Debug|Any CPU.ActiveCfg = Debug|Any CPU
		{161D3A41-AF39-4257-8812-DE82897D2B0D}.Debug|Any CPU.Build.0 = Debug|Any CPU
		{161D3A41-AF39-4257-8812-DE82897D2B0D}.Release|Any CPU.ActiveCfg = Release|Any CPU
		{161D3A41-AF39-4257-8812-DE82897D2B0D}.Release|Any CPU.Build.0 = Release|Any CPU
	EndGlobalSection
	GlobalSection(SolutionProperties) = preSolution
		HideSolutionNode = FALSE
	EndGlobalSection
	GlobalSection(ExtensibilityGlobals) = postSolution
		SolutionGuid = {8DBE8048-8E30-48F7-BDDC-C7C137C0F189}
	EndGlobalSection
EndGlobal
